
Microsoft Visual Studio Solution File, Format Version 12.00
# Visual Studio Version 17
VisualStudioVersion = 17.11.35303.130
MinimumVisualStudioVersion = 10.0.40219.1
Project("{FAE04EC0-301F-11D3-BF4B-00C04F79EFBC}") = "DiscordChatBotProject", "DiscordChatBotProject\DiscordChatBotProject.csproj", "{5DE9304B-4E5D-4BDD-88AB-13630965A587}"
EndProject
Global
	GlobalSection(SolutionConfigurationPlatforms) = preSolution
		Debug|Any CPU = Debug|Any CPU
		Release|Any CPU = Release|Any CPU
	EndGlobalSection
	GlobalSection(ProjectConfigurationPlatforms) = postSolution
		{5DE9304B-4E5D-4BDD-88AB-13630965A587}.Debug|Any CPU.ActiveCfg = Debug|Any CPU
		{5DE9304B-4E5D-4BDD-88AB-13630965A587}.Debug|Any CPU.Build.0 = Debug|Any CPU
		{5DE9304B-4E5D-4BDD-88AB-13630965A587}.Release|Any CPU.ActiveCfg = Release|Any CPU
		{5DE9304B-4E5D-4BDD-88AB-13630965A587}.Release|Any CPU.Build.0 = Release|Any CPU
	EndGlobalSection
	GlobalSection(SolutionProperties) = preSolution
		HideSolutionNode = FALSE
	EndGlobalSection
	GlobalSection(ExtensibilityGlobals) = postSolution
		SolutionGuid = {E1AABCA8-48F9-4B41-8078-E49663D13C8A}
	EndGlobalSection
EndGlobal
